// !$*UTF8*$!
{
	archiveVersion = 1;
	classes = {
	};
	objectVersion = 48;
	objects = {

/* Begin PBXBuildFile section */
		58D52BB220922D6D0062FBBD /* AppDelegate.swift in Sources */ = {isa = PBXBuildFile; fileRef = 58D52BB120922D6D0062FBBD /* AppDelegate.swift */; };
		58D52BB420922D6D0062FBBD /* ViewController.swift in Sources */ = {isa = PBXBuildFile; fileRef = 58D52BB320922D6D0062FBBD /* ViewController.swift */; };
		58D52BB720922D6D0062FBBD /* Main.storyboard in Resources */ = {isa = PBXBuildFile; fileRef = 58D52BB520922D6D0062FBBD /* Main.storyboard */; };
		58D52BB920922D6D0062FBBD /* Assets.xcassets in Resources */ = {isa = PBXBuildFile; fileRef = 58D52BB820922D6D0062FBBD /* Assets.xcassets */; };
		58D52BBC20922D6D0062FBBD /* LaunchScreen.storyboard in Resources */ = {isa = PBXBuildFile; fileRef = 58D52BBA20922D6D0062FBBD /* LaunchScreen.storyboard */; };
		58D52BC720922D6D0062FBBD /* UIBasicsTests.swift in Sources */ = {isa = PBXBuildFile; fileRef = 58D52BC620922D6D0062FBBD /* UIBasicsTests.swift */; };
		58D52BD220922D6D0062FBBD /* UIBasicsUITests.swift in Sources */ = {isa = PBXBuildFile; fileRef = 58D52BD120922D6D0062FBBD /* UIBasicsUITests.swift */; };
		58D52BED20922E3E0062FBBD /* cowbell-808.wav in Resources */ = {isa = PBXBuildFile; fileRef = 58D52BEC20922E3E0062FBBD /* cowbell-808.wav */; };
		58D52BF520922FF30062FBBD /* burst1.png in Resources */ = {isa = PBXBuildFile; fileRef = 58D52BF220922FF30062FBBD /* burst1.png */; };
		58D52BF620922FF30062FBBD /* burst1.png in Resources */ = {isa = PBXBuildFile; fileRef = 58D52BF220922FF30062FBBD /* burst1.png */; };
		58D52BF720922FF30062FBBD /* burst1.png in Resources */ = {isa = PBXBuildFile; fileRef = 58D52BF220922FF30062FBBD /* burst1.png */; };
		58D52BF820922FF30062FBBD /* burst2.png in Resources */ = {isa = PBXBuildFile; fileRef = 58D52BF320922FF30062FBBD /* burst2.png */; };
		58D52BF920922FF30062FBBD /* burst2.png in Resources */ = {isa = PBXBuildFile; fileRef = 58D52BF320922FF30062FBBD /* burst2.png */; };
		58D52BFA20922FF30062FBBD /* burst2.png in Resources */ = {isa = PBXBuildFile; fileRef = 58D52BF320922FF30062FBBD /* burst2.png */; };
		58D52BFB20922FF30062FBBD /* burst3.png in Resources */ = {isa = PBXBuildFile; fileRef = 58D52BF420922FF30062FBBD /* burst3.png */; };
		58D52BFC20922FF30062FBBD /* burst3.png in Resources */ = {isa = PBXBuildFile; fileRef = 58D52BF420922FF30062FBBD /* burst3.png */; };
		58D52BFD20922FF30062FBBD /* burst3.png in Resources */ = {isa = PBXBuildFile; fileRef = 58D52BF420922FF30062FBBD /* burst3.png */; };
/* End PBXBuildFile section */

/* Begin PBXContainerItemProxy section */
		58D52BC320922D6D0062FBBD /* PBXContainerItemProxy */ = {
			isa = PBXContainerItemProxy;
			containerPortal = 58D52BA620922D6D0062FBBD /* Project object */;
			proxyType = 1;
			remoteGlobalIDString = 58D52BAD20922D6D0062FBBD;
			remoteInfo = UIBasics;
		};
		58D52BCE20922D6D0062FBBD /* PBXContainerItemProxy */ = {
			isa = PBXContainerItemProxy;
			containerPortal = 58D52BA620922D6D0062FBBD /* Project object */;
			proxyType = 1;
			remoteGlobalIDString = 58D52BAD20922D6D0062FBBD;
			remoteInfo = UIBasics;
		};
/* End PBXContainerItemProxy section */

/* Begin PBXFileReference section */
		58D52BAE20922D6D0062FBBD /* UIBasics.app */ = {isa = PBXFileReference; explicitFileType = wrapper.application; includeInIndex = 0; path = UIBasics.app; sourceTree = BUILT_PRODUCTS_DIR; };
		58D52BB120922D6D0062FBBD /* AppDelegate.swift */ = {isa = PBXFileReference; lastKnownFileType = sourcecode.swift; path = AppDelegate.swift; sourceTree = "<group>"; };
		58D52BB320922D6D0062FBBD /* ViewController.swift */ = {isa = PBXFileReference; lastKnownFileType = sourcecode.swift; path = ViewController.swift; sourceTree = "<group>"; };
		58D52BB620922D6D0062FBBD /* Base */ = {isa = PBXFileReference; lastKnownFileType = file.storyboard; name = Base; path = Base.lproj/Main.storyboard; sourceTree = "<group>"; };
		58D52BB820922D6D0062FBBD /* Assets.xcassets */ = {isa = PBXFileReference; lastKnownFileType = folder.assetcatalog; path = Assets.xcassets; sourceTree = "<group>"; };
		58D52BBB20922D6D0062FBBD /* Base */ = {isa = PBXFileReference; lastKnownFileType = file.storyboard; name = Base; path = Base.lproj/LaunchScreen.storyboard; sourceTree = "<group>"; };
		58D52BBD20922D6D0062FBBD /* Info.plist */ = {isa = PBXFileReference; lastKnownFileType = text.plist.xml; path = Info.plist; sourceTree = "<group>"; };
		58D52BC220922D6D0062FBBD /* UIBasicsTests.xctest */ = {isa = PBXFileReference; explicitFileType = wrapper.cfbundle; includeInIndex = 0; path = UIBasicsTests.xctest; sourceTree = BUILT_PRODUCTS_DIR; };
		58D52BC620922D6D0062FBBD /* UIBasicsTests.swift */ = {isa = PBXFileReference; lastKnownFileType = sourcecode.swift; path = UIBasicsTests.swift; sourceTree = "<group>"; };
		58D52BC820922D6D0062FBBD /* Info.plist */ = {isa = PBXFileReference; lastKnownFileType = text.plist.xml; path = Info.plist; sourceTree = "<group>"; };
		58D52BCD20922D6D0062FBBD /* UIBasicsUITests.xctest */ = {isa = PBXFileReference; explicitFileType = wrapper.cfbundle; includeInIndex = 0; path = UIBasicsUITests.xctest; sourceTree = BUILT_PRODUCTS_DIR; };
		58D52BD120922D6D0062FBBD /* UIBasicsUITests.swift */ = {isa = PBXFileReference; lastKnownFileType = sourcecode.swift; path = UIBasicsUITests.swift; sourceTree = "<group>"; };
		58D52BD320922D6D0062FBBD /* Info.plist */ = {isa = PBXFileReference; lastKnownFileType = text.plist.xml; path = Info.plist; sourceTree = "<group>"; };
		58D52BEC20922E3E0062FBBD /* cowbell-808.wav */ = {isa = PBXFileReference; lastKnownFileType = audio.wav; path = "cowbell-808.wav"; sourceTree = "<group>"; };
		58D52BF220922FF30062FBBD /* burst1.png */ = {isa = PBXFileReference; lastKnownFileType = image.png; path = burst1.png; sourceTree = "<group>"; };
		58D52BF320922FF30062FBBD /* burst2.png */ = {isa = PBXFileReference; lastKnownFileType = image.png; path = burst2.png; sourceTree = "<group>"; };
		58D52BF420922FF30062FBBD /* burst3.png */ = {isa = PBXFileReference; lastKnownFileType = image.png; path = burst3.png; sourceTree = "<group>"; };
/* End PBXFileReference section */

/* Begin PBXFrameworksBuildPhase section */
		58D52BAB20922D6D0062FBBD /* Frameworks */ = {
			isa = PBXFrameworksBuildPhase;
			buildActionMask = 2147483647;
			files = (
			);
			runOnlyForDeploymentPostprocessing = 0;
		};
		58D52BBF20922D6D0062FBBD /* Frameworks */ = {
			isa = PBXFrameworksBuildPhase;
			buildActionMask = 2147483647;
			files = (
			);
			runOnlyForDeploymentPostprocessing = 0;
		};
		58D52BCA20922D6D0062FBBD /* Frameworks */ = {
			isa = PBXFrameworksBuildPhase;
			buildActionMask = 2147483647;
			files = (
			);
			runOnlyForDeploymentPostprocessing = 0;
		};
/* End PBXFrameworksBuildPhase section */

/* Begin PBXGroup section */
		58D52BA520922D6D0062FBBD = {
			isa = PBXGroup;
			children = (
				58D52BB020922D6D0062FBBD /* UIBasics */,
				58D52BC520922D6D0062FBBD /* UIBasicsTests */,
				58D52BD020922D6D0062FBBD /* UIBasicsUITests */,
				58D52BAF20922D6D0062FBBD /* Products */,
				58D52BDF20922DC50062FBBD /* Resources */,
			);
			sourceTree = "<group>";
		};
		58D52BAF20922D6D0062FBBD /* Products */ = {
			isa = PBXGroup;
			children = (
				58D52BAE20922D6D0062FBBD /* UIBasics.app */,
				58D52BC220922D6D0062FBBD /* UIBasicsTests.xctest */,
				58D52BCD20922D6D0062FBBD /* UIBasicsUITests.xctest */,
			);
			name = Products;
			sourceTree = "<group>";
		};
		58D52BB020922D6D0062FBBD /* UIBasics */ = {
			isa = PBXGroup;
			children = (
				58D52BB120922D6D0062FBBD /* AppDelegate.swift */,
				58D52BB320922D6D0062FBBD /* ViewController.swift */,
				58D52BB520922D6D0062FBBD /* Main.storyboard */,
				58D52BB820922D6D0062FBBD /* Assets.xcassets */,
				58D52BBA20922D6D0062FBBD /* LaunchScreen.storyboard */,
				58D52BBD20922D6D0062FBBD /* Info.plist */,
			);
			path = UIBasics;
			sourceTree = "<group>";
		};
		58D52BC520922D6D0062FBBD /* UIBasicsTests */ = {
			isa = PBXGroup;
			children = (
				58D52BC620922D6D0062FBBD /* UIBasicsTests.swift */,
				58D52BC820922D6D0062FBBD /* Info.plist */,
			);
			path = UIBasicsTests;
			sourceTree = "<group>";
		};
		58D52BD020922D6D0062FBBD /* UIBasicsUITests */ = {
			isa = PBXGroup;
			children = (
				58D52BD120922D6D0062FBBD /* UIBasicsUITests.swift */,
				58D52BD320922D6D0062FBBD /* Info.plist */,
			);
			path = UIBasicsUITests;
			sourceTree = "<group>";
		};
		58D52BDF20922DC50062FBBD /* Resources */ = {
			isa = PBXGroup;
			children = (
				58D52BEC20922E3E0062FBBD /* cowbell-808.wav */,
				58D52BF220922FF30062FBBD /* burst1.png */,
				58D52BF320922FF30062FBBD /* burst2.png */,
				58D52BF420922FF30062FBBD /* burst3.png */,
			);
			path = Resources;
			sourceTree = "<group>";
		};
/* End PBXGroup section */

/* Begin PBXNativeTarget section */
		58D52BAD20922D6D0062FBBD /* UIBasics */ = {
			isa = PBXNativeTarget;
			buildConfigurationList = 58D52BD620922D6D0062FBBD /* Build configuration list for PBXNativeTarget "UIBasics" */;
			buildPhases = (
				58D52BAA20922D6D0062FBBD /* Sources */,
				58D52BAB20922D6D0062FBBD /* Frameworks */,
				58D52BAC20922D6D0062FBBD /* Resources */,
			);
			buildRules = (
			);
			dependencies = (
			);
			name = UIBasics;
			productName = UIBasics;
			productReference = 58D52BAE20922D6D0062FBBD /* UIBasics.app */;
			productType = "com.apple.product-type.application";
		};
		58D52BC120922D6D0062FBBD /* UIBasicsTests */ = {
			isa = PBXNativeTarget;
			buildConfigurationList = 58D52BD920922D6D0062FBBD /* Build configuration list for PBXNativeTarget "UIBasicsTests" */;
			buildPhases = (
				58D52BBE20922D6D0062FBBD /* Sources */,
				58D52BBF20922D6D0062FBBD /* Frameworks */,
				58D52BC020922D6D0062FBBD /* Resources */,
			);
			buildRules = (
			);
			dependencies = (
				58D52BC420922D6D0062FBBD /* PBXTargetDependency */,
			);
			name = UIBasicsTests;
			productName = UIBasicsTests;
			productReference = 58D52BC220922D6D0062FBBD /* UIBasicsTests.xctest */;
			productType = "com.apple.product-type.bundle.unit-test";
		};
		58D52BCC20922D6D0062FBBD /* UIBasicsUITests */ = {
			isa = PBXNativeTarget;
			buildConfigurationList = 58D52BDC20922D6D0062FBBD /* Build configuration list for PBXNativeTarget "UIBasicsUITests" */;
			buildPhases = (
				58D52BC920922D6D0062FBBD /* Sources */,
				58D52BCA20922D6D0062FBBD /* Frameworks */,
				58D52BCB20922D6D0062FBBD /* Resources */,
			);
			buildRules = (
			);
			dependencies = (
				58D52BCF20922D6D0062FBBD /* PBXTargetDependency */,
			);
			name = UIBasicsUITests;
			productName = UIBasicsUITests;
			productReference = 58D52BCD20922D6D0062FBBD /* UIBasicsUITests.xctest */;
			productType = "com.apple.product-type.bundle.ui-testing";
		};
/* End PBXNativeTarget section */

/* Begin PBXProject section */
		58D52BA620922D6D0062FBBD /* Project object */ = {
			isa = PBXProject;
			attributes = {
				LastSwiftUpdateCheck = 0920;
				LastUpgradeCheck = 0920;
				ORGANIZATIONNAME = mhamilt7;
				TargetAttributes = {
					58D52BAD20922D6D0062FBBD = {
						CreatedOnToolsVersion = 9.2;
						ProvisioningStyle = Automatic;
					};
					58D52BC120922D6D0062FBBD = {
						CreatedOnToolsVersion = 9.2;
						ProvisioningStyle = Automatic;
						TestTargetID = 58D52BAD20922D6D0062FBBD;
					};
					58D52BCC20922D6D0062FBBD = {
						CreatedOnToolsVersion = 9.2;
						ProvisioningStyle = Automatic;
						TestTargetID = 58D52BAD20922D6D0062FBBD;
					};
				};
			};
			buildConfigurationList = 58D52BA920922D6D0062FBBD /* Build configuration list for PBXProject "UIBasics" */;
			compatibilityVersion = "Xcode 8.0";
			developmentRegion = en;
			hasScannedForEncodings = 0;
			knownRegions = (
				en,
				Base,
			);
			mainGroup = 58D52BA520922D6D0062FBBD;
			productRefGroup = 58D52BAF20922D6D0062FBBD /* Products */;
			projectDirPath = "";
			projectRoot = "";
			targets = (
				58D52BAD20922D6D0062FBBD /* UIBasics */,
				58D52BC120922D6D0062FBBD /* UIBasicsTests */,
				58D52BCC20922D6D0062FBBD /* UIBasicsUITests */,
			);
		};
/* End PBXProject section */

/* Begin PBXResourcesBuildPhase section */
		58D52BAC20922D6D0062FBBD /* Resources */ = {
			isa = PBXResourcesBuildPhase;
			buildActionMask = 2147483647;
			files = (
				58D52BED20922E3E0062FBBD /* cowbell-808.wav in Resources */,
				58D52BF520922FF30062FBBD /* burst1.png in Resources */,
				58D52BBC20922D6D0062FBBD /* LaunchScreen.storyboard in Resources */,
				58D52BF820922FF30062FBBD /* burst2.png in Resources */,
				58D52BFB20922FF30062FBBD /* burst3.png in Resources */,
				58D52BB920922D6D0062FBBD /* Assets.xcassets in Resources */,
				58D52BB720922D6D0062FBBD /* Main.storyboard in Resources */,
			);
			runOnlyForDeploymentPostprocessing = 0;
		};
		58D52BC020922D6D0062FBBD /* Resources */ = {
			isa = PBXResourcesBuildPhase;
			buildActionMask = 2147483647;
			files = (
				58D52BF620922FF30062FBBD /* burst1.png in Resources */,
				58D52BF920922FF30062FBBD /* burst2.png in Resources */,
				58D52BFC20922FF30062FBBD /* burst3.png in Resources */,
			);
			runOnlyForDeploymentPostprocessing = 0;
		};
		58D52BCB20922D6D0062FBBD /* Resources */ = {
			isa = PBXResourcesBuildPhase;
			buildActionMask = 2147483647;
			files = (
				58D52BF720922FF30062FBBD /* burst1.png in Resources */,
				58D52BFA20922FF30062FBBD /* burst2.png in Resources */,
				58D52BFD20922FF30062FBBD /* burst3.png in Resources */,
			);
			runOnlyForDeploymentPostprocessing = 0;
		};
/* End PBXResourcesBuildPhase section */

/* Begin PBXSourcesBuildPhase section */
		58D52BAA20922D6D0062FBBD /* Sources */ = {
			isa = PBXSourcesBuildPhase;
			buildActionMask = 2147483647;
			files = (
				58D52BB420922D6D0062FBBD /* ViewController.swift in Sources */,
				58D52BB220922D6D0062FBBD /* AppDelegate.swift in Sources */,
			);
			runOnlyForDeploymentPostprocessing = 0;
		};
		58D52BBE20922D6D0062FBBD /* Sources */ = {
			isa = PBXSourcesBuildPhase;
			buildActionMask = 2147483647;
			files = (
				58D52BC720922D6D0062FBBD /* UIBasicsTests.swift in Sources */,
			);
			runOnlyForDeploymentPostprocessing = 0;
		};
		58D52BC920922D6D0062FBBD /* Sources */ = {
			isa = PBXSourcesBuildPhase;
			buildActionMask = 2147483647;
			files = (
				58D52BD220922D6D0062FBBD /* UIBasicsUITests.swift in Sources */,
			);
			runOnlyForDeploymentPostprocessing = 0;
		};
/* End PBXSourcesBuildPhase section */

/* Begin PBXTargetDependency section */
		58D52BC420922D6D0062FBBD /* PBXTargetDependency */ = {
			isa = PBXTargetDependency;
			target = 58D52BAD20922D6D0062FBBD /* UIBasics */;
			targetProxy = 58D52BC320922D6D0062FBBD /* PBXContainerItemProxy */;
		};
		58D52BCF20922D6D0062FBBD /* PBXTargetDependency */ = {
			isa = PBXTargetDependency;
			target = 58D52BAD20922D6D0062FBBD /* UIBasics */;
			targetProxy = 58D52BCE20922D6D0062FBBD /* PBXContainerItemProxy */;
		};
/* End PBXTargetDependency section */

/* Begin PBXVariantGroup section */
		58D52BB520922D6D0062FBBD /* Main.storyboard */ = {
			isa = PBXVariantGroup;
			children = (
				58D52BB620922D6D0062FBBD /* Base */,
			);
			name = Main.storyboard;
			sourceTree = "<group>";
		};
		58D52BBA20922D6D0062FBBD /* LaunchScreen.storyboard */ = {
			isa = PBXVariantGroup;
			children = (
				58D52BBB20922D6D0062FBBD /* Base */,
			);
			name = LaunchScreen.storyboard;
			sourceTree = "<group>";
		};
/* End PBXVariantGroup section */

/* Begin XCBuildConfiguration section */
		58D52BD420922D6D0062FBBD /* Debug */ = {
			isa = XCBuildConfiguration;
			buildSettings = {
				ALWAYS_SEARCH_USER_PATHS = NO;
				CLANG_ANALYZER_NONNULL = YES;
				CLANG_ANALYZER_NUMBER_OBJECT_CONVERSION = YES_AGGRESSIVE;
				CLANG_CXX_LANGUAGE_STANDARD = "gnu++14";
				CLANG_CXX_LIBRARY = "libc++";
				CLANG_ENABLE_MODULES = YES;
				CLANG_ENABLE_OBJC_ARC = YES;
				CLANG_WARN_BLOCK_CAPTURE_AUTORELEASING = YES;
				CLANG_WARN_BOOL_CONVERSION = YES;
				CLANG_WARN_COMMA = YES;
				CLANG_WARN_CONSTANT_CONVERSION = YES;
				CLANG_WARN_DIRECT_OBJC_ISA_USAGE = YES_ERROR;
				CLANG_WARN_DOCUMENTATION_COMMENTS = YES;
				CLANG_WARN_EMPTY_BODY = YES;
				CLANG_WARN_ENUM_CONVERSION = YES;
				CLANG_WARN_INFINITE_RECURSION = YES;
				CLANG_WARN_INT_CONVERSION = YES;
				CLANG_WARN_NON_LITERAL_NULL_CONVERSION = YES;
				CLANG_WARN_OBJC_LITERAL_CONVERSION = YES;
				CLANG_WARN_OBJC_ROOT_CLASS = YES_ERROR;
				CLANG_WARN_RANGE_LOOP_ANALYSIS = YES;
				CLANG_WARN_STRICT_PROTOTYPES = YES;
				CLANG_WARN_SUSPICIOUS_MOVE = YES;
				CLANG_WARN_UNGUARDED_AVAILABILITY = YES_AGGRESSIVE;
				CLANG_WARN_UNREACHABLE_CODE = YES;
				CLANG_WARN__DUPLICATE_METHOD_MATCH = YES;
				CODE_SIGN_IDENTITY = "iPhone Developer";
				COPY_PHASE_STRIP = NO;
				DEBUG_INFORMATION_FORMAT = dwarf;
				ENABLE_STRICT_OBJC_MSGSEND = YES;
				ENABLE_TESTABILITY = YES;
				GCC_C_LANGUAGE_STANDARD = gnu11;
				GCC_DYNAMIC_NO_PIC = NO;
				GCC_NO_COMMON_BLOCKS = YES;
				GCC_OPTIMIZATION_LEVEL = 0;
				GCC_PREPROCESSOR_DEFINITIONS = (
					"DEBUG=1",
					"$(inherited)",
				);
				GCC_WARN_64_TO_32_BIT_CONVERSION = YES;
				GCC_WARN_ABOUT_RETURN_TYPE = YES_ERROR;
				GCC_WARN_UNDECLARED_SELECTOR = YES;
				GCC_WARN_UNINITIALIZED_AUTOS = YES_AGGRESSIVE;
				GCC_WARN_UNUSED_FUNCTION = YES;
				GCC_WARN_UNUSED_VARIABLE = YES;
				IPHONEOS_DEPLOYMENT_TARGET = 11.2;
				MTL_ENABLE_DEBUG_INFO = YES;
				ONLY_ACTIVE_ARCH = YES;
				SDKROOT = iphoneos;
				SWIFT_ACTIVE_COMPILATION_CONDITIONS = DEBUG;
				SWIFT_OPTIMIZATION_LEVEL = "-Onone";
			};
			name = Debug;
		};
		58D52BD520922D6D0062FBBD /* Release */ = {
			isa = XCBuildConfiguration;
			buildSettings = {
				ALWAYS_SEARCH_USER_PATHS = NO;
				CLANG_ANALYZER_NONNULL = YES;
				CLANG_ANALYZER_NUMBER_OBJECT_CONVERSION = YES_AGGRESSIVE;
				CLANG_CXX_LANGUAGE_STANDARD = "gnu++14";
				CLANG_CXX_LIBRARY = "libc++";
				CLANG_ENABLE_MODULES = YES;
				CLANG_ENABLE_OBJC_ARC = YES;
				CLANG_WARN_BLOCK_CAPTURE_AUTORELEASING = YES;
				CLANG_WARN_BOOL_CONVERSION = YES;
				CLANG_WARN_COMMA = YES;
				CLANG_WARN_CONSTANT_CONVERSION = YES;
				CLANG_WARN_DIRECT_OBJC_ISA_USAGE = YES_ERROR;
				CLANG_WARN_DOCUMENTATION_COMMENTS = YES;
				CLANG_WARN_EMPTY_BODY = YES;
				CLANG_WARN_ENUM_CONVERSION = YES;
				CLANG_WARN_INFINITE_RECURSION = YES;
				CLANG_WARN_INT_CONVERSION = YES;
				CLANG_WARN_NON_LITERAL_NULL_CONVERSION = YES;
				CLANG_WARN_OBJC_LITERAL_CONVERSION = YES;
				CLANG_WARN_OBJC_ROOT_CLASS = YES_ERROR;
				CLANG_WARN_RANGE_LOOP_ANALYSIS = YES;
				CLANG_WARN_STRICT_PROTOTYPES = YES;
				CLANG_WARN_SUSPICIOUS_MOVE = YES;
				CLANG_WARN_UNGUARDED_AVAILABILITY = YES_AGGRESSIVE;
				CLANG_WARN_UNREACHABLE_CODE = YES;
				CLANG_WARN__DUPLICATE_METHOD_MATCH = YES;
				CODE_SIGN_IDENTITY = "iPhone Developer";
				COPY_PHASE_STRIP = NO;
				DEBUG_INFORMATION_FORMAT = "dwarf-with-dsym";
				ENABLE_NS_ASSERTIONS = NO;
				ENABLE_STRICT_OBJC_MSGSEND = YES;
				GCC_C_LANGUAGE_STANDARD = gnu11;
				GCC_NO_COMMON_BLOCKS = YES;
				GCC_WARN_64_TO_32_BIT_CONVERSION = YES;
				GCC_WARN_ABOUT_RETURN_TYPE = YES_ERROR;
				GCC_WARN_UNDECLARED_SELECTOR = YES;
				GCC_WARN_UNINITIALIZED_AUTOS = YES_AGGRESSIVE;
				GCC_WARN_UNUSED_FUNCTION = YES;
				GCC_WARN_UNUSED_VARIABLE = YES;
				IPHONEOS_DEPLOYMENT_TARGET = 11.2;
				MTL_ENABLE_DEBUG_INFO = NO;
				SDKROOT = iphoneos;
				SWIFT_OPTIMIZATION_LEVEL = "-Owholemodule";
				VALIDATE_PRODUCT = YES;
			};
			name = Release;
		};
		58D52BD720922D6D0062FBBD /* Debug */ = {
			isa = XCBuildConfiguration;
			buildSettings = {
				ASSETCATALOG_COMPILER_APPICON_NAME = AppIcon;
				CODE_SIGN_STYLE = Automatic;
				DEVELOPMENT_TEAM = XZ388CS8AV;
				INFOPLIST_FILE = UIBasics/Info.plist;
				LD_RUNPATH_SEARCH_PATHS = "$(inherited) @executable_path/Frameworks";
				PRODUCT_BUNDLE_IDENTIFIER = com.mhamilt7.UIBasics;
				PRODUCT_NAME = "$(TARGET_NAME)";
				SWIFT_VERSION = 4.0;
				TARGETED_DEVICE_FAMILY = "1,2";
			};
			name = Debug;
		};
		58D52BD820922D6D0062FBBD /* Release */ = {
			isa = XCBuildConfiguration;
			buildSettings = {
				ASSETCATALOG_COMPILER_APPICON_NAME = AppIcon;
				CODE_SIGN_STYLE = Automatic;
				DEVELOPMENT_TEAM = XZ388CS8AV;
				INFOPLIST_FILE = UIBasics/Info.plist;
				LD_RUNPATH_SEARCH_PATHS = "$(inherited) @executable_path/Frameworks";
				PRODUCT_BUNDLE_IDENTIFIER = com.mhamilt7.UIBasics;
				PRODUCT_NAME = "$(TARGET_NAME)";
				SWIFT_VERSION = 4.0;
				TARGETED_DEVICE_FAMILY = "1,2";
			};
			name = Release;
		};
		58D52BDA20922D6D0062FBBD /* Debug */ = {
			isa = XCBuildConfiguration;
			buildSettings = {
				ALWAYS_EMBED_SWIFT_STANDARD_LIBRARIES = YES;
				BUNDLE_LOADER = "$(TEST_HOST)";
				CODE_SIGN_STYLE = Automatic;
				DEVELOPMENT_TEAM = XZ388CS8AV;
				INFOPLIST_FILE = UIBasicsTests/Info.plist;
				LD_RUNPATH_SEARCH_PATHS = "$(inherited) @executable_path/Frameworks @loader_path/Frameworks";
				PRODUCT_BUNDLE_IDENTIFIER = com.mhamilt7.UIBasicsTests;
				PRODUCT_NAME = "$(TARGET_NAME)";
				SWIFT_VERSION = 4.0;
				TARGETED_DEVICE_FAMILY = "1,2";
				TEST_HOST = "$(BUILT_PRODUCTS_DIR)/UIBasics.app/UIBasics";
			};
			name = Debug;
		};
		58D52BDB20922D6D0062FBBD /* Release */ = {
			isa = XCBuildConfiguration;
			buildSettings = {
				ALWAYS_EMBED_SWIFT_STANDARD_LIBRARIES = YES;
				BUNDLE_LOADER = "$(TEST_HOST)";
				CODE_SIGN_STYLE = Automatic;
				DEVELOPMENT_TEAM = XZ388CS8AV;
				INFOPLIST_FILE = UIBasicsTests/Info.plist;
				LD_RUNPATH_SEARCH_PATHS = "$(inherited) @executable_path/Frameworks @loader_path/Frameworks";
				PRODUCT_BUNDLE_IDENTIFIER = com.mhamilt7.UIBasicsTests;
				PRODUCT_NAME = "$(TARGET_NAME)";
				SWIFT_VERSION = 4.0;
				TARGETED_DEVICE_FAMILY = "1,2";
				TEST_HOST = "$(BUILT_PRODUCTS_DIR)/UIBasics.app/UIBasics";
			};
			name = Release;
		};
		58D52BDD20922D6D0062FBBD /* Debug */ = {
			isa = XCBuildConfiguration;
			buildSettings = {
				ALWAYS_EMBED_SWIFT_STANDARD_LIBRARIES = YES;
				CODE_SIGN_STYLE = Automatic;
				DEVELOPMENT_TEAM = XZ388CS8AV;
				INFOPLIST_FILE = UIBasicsUITests/Info.plist;
				LD_RUNPATH_SEARCH_PATHS = "$(inherited) @executable_path/Frameworks @loader_path/Frameworks";
				PRODUCT_BUNDLE_IDENTIFIER = com.mhamilt7.UIBasicsUITests;
				PRODUCT_NAME = "$(TARGET_NAME)";
				SWIFT_VERSION = 4.0;
				TARGETED_DEVICE_FAMILY = "1,2";
				TEST_TARGET_NAME = UIBasics;
			};
			name = Debug;
		};
		58D52BDE20922D6D0062FBBD /* Release */ = {
			isa = XCBuildConfiguration;
			buildSettings = {
				ALWAYS_EMBED_SWIFT_STANDARD_LIBRARIES = YES;
				CODE_SIGN_STYLE = Automatic;
				DEVELOPMENT_TEAM = XZ388CS8AV;
				INFOPLIST_FILE = UIBasicsUITests/Info.plist;
				LD_RUNPATH_SEARCH_PATHS = "$(inherited) @executable_path/Frameworks @loader_path/Frameworks";
				PRODUCT_BUNDLE_IDENTIFIER = com.mhamilt7.UIBasicsUITests;
				PRODUCT_NAME = "$(TARGET_NAME)";
				SWIFT_VERSION = 4.0;
				TARGETED_DEVICE_FAMILY = "1,2";
				TEST_TARGET_NAME = UIBasics;
			};
			name = Release;
		};
/* End XCBuildConfiguration section */

/* Begin XCConfigurationList section */
		58D52BA920922D6D0062FBBD /* Build configuration list for PBXProject "UIBasics" */ = {
			isa = XCConfigurationList;
			buildConfigurations = (
				58D52BD420922D6D0062FBBD /* Debug */,
				58D52BD520922D6D0062FBBD /* Release */,
			);
			defaultConfigurationIsVisible = 0;
			defaultConfigurationName = Release;
		};
		58D52BD620922D6D0062FBBD /* Build configuration list for PBXNativeTarget "UIBasics" */ = {
			isa = XCConfigurationList;
			buildConfigurations = (
				58D52BD720922D6D0062FBBD /* Debug */,
				58D52BD820922D6D0062FBBD /* Release */,
			);
			defaultConfigurationIsVisible = 0;
			defaultConfigurationName = Release;
		};
		58D52BD920922D6D0062FBBD /* Build configuration list for PBXNativeTarget "UIBasicsTests" */ = {
			isa = XCConfigurationList;
			buildConfigurations = (
				58D52BDA20922D6D0062FBBD /* Debug */,
				58D52BDB20922D6D0062FBBD /* Release */,
			);
			defaultConfigurationIsVisible = 0;
			defaultConfigurationName = Release;
		};
		58D52BDC20922D6D0062FBBD /* Build configuration list for PBXNativeTarget "UIBasicsUITests" */ = {
			isa = XCConfigurationList;
			buildConfigurations = (
				58D52BDD20922D6D0062FBBD /* Debug */,
				58D52BDE20922D6D0062FBBD /* Release */,
			);
			defaultConfigurationIsVisible = 0;
			defaultConfigurationName = Release;
		};
/* End XCConfigurationList section */
	};
	rootObject = 58D52BA620922D6D0062FBBD /* Project object */;
}
